// !$*UTF8*$!
{
	archiveVersion = 1;
	classes = {
	};
	objectVersion = 50;
	objects = {

/* Begin PBXBuildFile section */
		284812542494777B00636198 /* ColorSwitchViewController.swift in Sources */ = {isa = PBXBuildFile; fileRef = 284812532494777B00636198 /* ColorSwitchViewController.swift */; };
		284812572494A04D00636198 /* ModalsViewController.swift in Sources */ = {isa = PBXBuildFile; fileRef = 284812562494A04D00636198 /* ModalsViewController.swift */; };
		2848125A24955FEA00636198 /* GameRSPViewController.swift in Sources */ = {isa = PBXBuildFile; fileRef = 2848125924955FEA00636198 /* GameRSPViewController.swift */; };
		2848125C2495F06F00636198 /* ResultsRSPViewController.swift in Sources */ = {isa = PBXBuildFile; fileRef = 2848125B2495F06F00636198 /* ResultsRSPViewController.swift */; };
		2848126124975BD200636198 /* MemeOneViewController.swift in Sources */ = {isa = PBXBuildFile; fileRef = 2848126024975BD200636198 /* MemeOneViewController.swift */; };
		284812632498518500636198 /* MemeEditTextDelegate.swift in Sources */ = {isa = PBXBuildFile; fileRef = 284812622498518500636198 /* MemeEditTextDelegate.swift */; };
		28481265249876AA00636198 /* Meme.swift in Sources */ = {isa = PBXBuildFile; fileRef = 28481264249876AA00636198 /* Meme.swift */; };
		285ED901245E6D5400A39C19 /* AppDelegate.swift in Sources */ = {isa = PBXBuildFile; fileRef = 285ED900245E6D5400A39C19 /* AppDelegate.swift */; };
		285ED903245E6D5400A39C19 /* SceneDelegate.swift in Sources */ = {isa = PBXBuildFile; fileRef = 285ED902245E6D5400A39C19 /* SceneDelegate.swift */; };
		285ED905245E6D5400A39C19 /* RecordSoundViewController.swift in Sources */ = {isa = PBXBuildFile; fileRef = 285ED904245E6D5400A39C19 /* RecordSoundViewController.swift */; };
		285ED908245E6D5400A39C19 /* Main.storyboard in Resources */ = {isa = PBXBuildFile; fileRef = 285ED906245E6D5400A39C19 /* Main.storyboard */; };
		285ED90A245E6D5500A39C19 /* Assets.xcassets in Resources */ = {isa = PBXBuildFile; fileRef = 285ED909245E6D5500A39C19 /* Assets.xcassets */; };
		285ED90D245E6D5500A39C19 /* LaunchScreen.storyboard in Resources */ = {isa = PBXBuildFile; fileRef = 285ED90B245E6D5500A39C19 /* LaunchScreen.storyboard */; };
		285ED917246E789000A39C19 /* PlaySoundViewController.swift in Sources */ = {isa = PBXBuildFile; fileRef = 285ED916246E789000A39C19 /* PlaySoundViewController.swift */; };
		285ED919246FD14800A39C19 /* PlaySoundsViewController+Audio.swift in Sources */ = {isa = PBXBuildFile; fileRef = 285ED918246FD14800A39C19 /* PlaySoundsViewController+Audio.swift */; };
		2879D526248339CB0047EEB0 /* AppViewCell.swift in Sources */ = {isa = PBXBuildFile; fileRef = 2879D525248339CB0047EEB0 /* AppViewCell.swift */; };
		2879D52824833C630047EEB0 /* AppName.swift in Sources */ = {isa = PBXBuildFile; fileRef = 2879D52724833C630047EEB0 /* AppName.swift */; };
		2879D52A24834C570047EEB0 /* ListAppTableViewController.swift in Sources */ = {isa = PBXBuildFile; fileRef = 2879D52924834C570047EEB0 /* ListAppTableViewController.swift */; };
		2879D52E24838D3A0047EEB0 /* ClickViewController.swift in Sources */ = {isa = PBXBuildFile; fileRef = 2879D52D24838D3A0047EEB0 /* ClickViewController.swift */; };
		288D6B9C24B2DE35000D3212 /* ModelGameRSP.swift in Sources */ = {isa = PBXBuildFile; fileRef = 288D6B9B24B2DE35000D3212 /* ModelGameRSP.swift */; };
		288D6B9E24B40137000D3212 /* HistoryViewController.swift in Sources */ = {isa = PBXBuildFile; fileRef = 288D6B9D24B40137000D3212 /* HistoryViewController.swift */; };
/* End PBXBuildFile section */

/* Begin PBXFileReference section */
		284812532494777B00636198 /* ColorSwitchViewController.swift */ = {isa = PBXFileReference; lastKnownFileType = sourcecode.swift; path = ColorSwitchViewController.swift; sourceTree = "<group>"; };
		284812562494A04D00636198 /* ModalsViewController.swift */ = {isa = PBXFileReference; lastKnownFileType = sourcecode.swift; path = ModalsViewController.swift; sourceTree = "<group>"; };
		2848125924955FEA00636198 /* GameRSPViewController.swift */ = {isa = PBXFileReference; lastKnownFileType = sourcecode.swift; path = GameRSPViewController.swift; sourceTree = "<group>"; };
		2848125B2495F06F00636198 /* ResultsRSPViewController.swift */ = {isa = PBXFileReference; lastKnownFileType = sourcecode.swift; path = ResultsRSPViewController.swift; sourceTree = "<group>"; };
		2848126024975BD200636198 /* MemeOneViewController.swift */ = {isa = PBXFileReference; lastKnownFileType = sourcecode.swift; path = MemeOneViewController.swift; sourceTree = "<group>"; };
		284812622498518500636198 /* MemeEditTextDelegate.swift */ = {isa = PBXFileReference; lastKnownFileType = sourcecode.swift; path = MemeEditTextDelegate.swift; sourceTree = "<group>"; };
		28481264249876AA00636198 /* Meme.swift */ = {isa = PBXFileReference; lastKnownFileType = sourcecode.swift; path = Meme.swift; sourceTree = "<group>"; };
		285ED8FD245E6D5400A39C19 /* PitchPerfectUiKit.app */ = {isa = PBXFileReference; explicitFileType = wrapper.application; includeInIndex = 0; path = PitchPerfectUiKit.app; sourceTree = BUILT_PRODUCTS_DIR; };
		285ED900245E6D5400A39C19 /* AppDelegate.swift */ = {isa = PBXFileReference; lastKnownFileType = sourcecode.swift; path = AppDelegate.swift; sourceTree = "<group>"; };
		285ED902245E6D5400A39C19 /* SceneDelegate.swift */ = {isa = PBXFileReference; lastKnownFileType = sourcecode.swift; path = SceneDelegate.swift; sourceTree = "<group>"; };
		285ED904245E6D5400A39C19 /* RecordSoundViewController.swift */ = {isa = PBXFileReference; lastKnownFileType = sourcecode.swift; path = RecordSoundViewController.swift; sourceTree = "<group>"; };
		285ED907245E6D5400A39C19 /* Base */ = {isa = PBXFileReference; lastKnownFileType = file.storyboard; name = Base; path = Base.lproj/Main.storyboard; sourceTree = "<group>"; };
		285ED909245E6D5500A39C19 /* Assets.xcassets */ = {isa = PBXFileReference; lastKnownFileType = folder.assetcatalog; path = Assets.xcassets; sourceTree = "<group>"; };
		285ED90C245E6D5500A39C19 /* Base */ = {isa = PBXFileReference; lastKnownFileType = file.storyboard; name = Base; path = Base.lproj/LaunchScreen.storyboard; sourceTree = "<group>"; };
		285ED90E245E6D5500A39C19 /* Info.plist */ = {isa = PBXFileReference; lastKnownFileType = text.plist.xml; path = Info.plist; sourceTree = "<group>"; };
		285ED916246E789000A39C19 /* PlaySoundViewController.swift */ = {isa = PBXFileReference; lastKnownFileType = sourcecode.swift; path = PlaySoundViewController.swift; sourceTree = "<group>"; };
		285ED918246FD14800A39C19 /* PlaySoundsViewController+Audio.swift */ = {isa = PBXFileReference; lastKnownFileType = sourcecode.swift; path = "PlaySoundsViewController+Audio.swift"; sourceTree = "<group>"; };
		2879D525248339CB0047EEB0 /* AppViewCell.swift */ = {isa = PBXFileReference; lastKnownFileType = sourcecode.swift; path = AppViewCell.swift; sourceTree = "<group>"; };
		2879D52724833C630047EEB0 /* AppName.swift */ = {isa = PBXFileReference; lastKnownFileType = sourcecode.swift; path = AppName.swift; sourceTree = "<group>"; };
		2879D52924834C570047EEB0 /* ListAppTableViewController.swift */ = {isa = PBXFileReference; lastKnownFileType = sourcecode.swift; path = ListAppTableViewController.swift; sourceTree = "<group>"; };
		2879D52D24838D3A0047EEB0 /* ClickViewController.swift */ = {isa = PBXFileReference; lastKnownFileType = sourcecode.swift; path = ClickViewController.swift; sourceTree = "<group>"; };
		288D6B9B24B2DE35000D3212 /* ModelGameRSP.swift */ = {isa = PBXFileReference; lastKnownFileType = sourcecode.swift; path = ModelGameRSP.swift; sourceTree = "<group>"; };
		288D6B9D24B40137000D3212 /* HistoryViewController.swift */ = {isa = PBXFileReference; lastKnownFileType = sourcecode.swift; path = HistoryViewController.swift; sourceTree = "<group>"; };
/* End PBXFileReference section */

/* Begin PBXFrameworksBuildPhase section */
		285ED8FA245E6D5400A39C19 /* Frameworks */ = {
			isa = PBXFrameworksBuildPhase;
			buildActionMask = 2147483647;
			files = (
			);
			runOnlyForDeploymentPostprocessing = 0;
		};
/* End PBXFrameworksBuildPhase section */

/* Begin PBXGroup section */
		28481252249476EE00636198 /* ColorSwitcher */ = {
			isa = PBXGroup;
			children = (
				284812532494777B00636198 /* ColorSwitchViewController.swift */,
			);
			path = ColorSwitcher;
			sourceTree = "<group>";
		};
		284812552494A01200636198 /* ModalsViewController */ = {
			isa = PBXGroup;
			children = (
				284812562494A04D00636198 /* ModalsViewController.swift */,
			);
			path = ModalsViewController;
			sourceTree = "<group>";
		};
		2848125824955F9E00636198 /* RockScissorsPaper */ = {
			isa = PBXGroup;
			children = (
				2848125924955FEA00636198 /* GameRSPViewController.swift */,
				2848125B2495F06F00636198 /* ResultsRSPViewController.swift */,
				288D6B9B24B2DE35000D3212 /* ModelGameRSP.swift */,
				288D6B9D24B40137000D3212 /* HistoryViewController.swift */,
			);
			path = RockScissorsPaper;
			sourceTree = "<group>";
		};
		2848125F24975BB100636198 /* MemeOne */ = {
			isa = PBXGroup;
			children = (
				2848126024975BD200636198 /* MemeOneViewController.swift */,
				284812622498518500636198 /* MemeEditTextDelegate.swift */,
				28481264249876AA00636198 /* Meme.swift */,
			);
			path = MemeOne;
			sourceTree = "<group>";
		};
		285ED8F4245E6D5400A39C19 = {
			isa = PBXGroup;
			children = (
				285ED8FF245E6D5400A39C19 /* PitchPerfectUiKit */,
				285ED8FE245E6D5400A39C19 /* Products */,
			);
			sourceTree = "<group>";
		};
		285ED8FE245E6D5400A39C19 /* Products */ = {
			isa = PBXGroup;
			children = (
				285ED8FD245E6D5400A39C19 /* PitchPerfectUiKit.app */,
			);
			name = Products;
			sourceTree = "<group>";
		};
		285ED8FF245E6D5400A39C19 /* PitchPerfectUiKit */ = {
			isa = PBXGroup;
			children = (
				2848125F24975BB100636198 /* MemeOne */,
				2848125824955F9E00636198 /* RockScissorsPaper */,
				284812552494A01200636198 /* ModalsViewController */,
				28481252249476EE00636198 /* ColorSwitcher */,
				2879D52C24838CFB0047EEB0 /* ClickCounter */,
				2879D52B24838CE00047EEB0 /* PitchPerfect */,
				2879D524248339500047EEB0 /* PickApp */,
				285ED900245E6D5400A39C19 /* AppDelegate.swift */,
				285ED902245E6D5400A39C19 /* SceneDelegate.swift */,
				285ED906245E6D5400A39C19 /* Main.storyboard */,
				285ED909245E6D5500A39C19 /* Assets.xcassets */,
				285ED90B245E6D5500A39C19 /* LaunchScreen.storyboard */,
				285ED90E245E6D5500A39C19 /* Info.plist */,
			);
			path = PitchPerfectUiKit;
			sourceTree = "<group>";
		};
		2879D522248339160047EEB0 /* RecorderAudio */ = {
			isa = PBXGroup;
			children = (
				285ED904245E6D5400A39C19 /* RecordSoundViewController.swift */,
			);
			path = RecorderAudio;
			sourceTree = "<group>";
		};
		2879D5232483392A0047EEB0 /* PlayerAudio */ = {
			isa = PBXGroup;
			children = (
				285ED916246E789000A39C19 /* PlaySoundViewController.swift */,
				285ED918246FD14800A39C19 /* PlaySoundsViewController+Audio.swift */,
			);
			path = PlayerAudio;
			sourceTree = "<group>";
		};
		2879D524248339500047EEB0 /* PickApp */ = {
			isa = PBXGroup;
			children = (
				2879D52924834C570047EEB0 /* ListAppTableViewController.swift */,
				2879D525248339CB0047EEB0 /* AppViewCell.swift */,
				2879D52724833C630047EEB0 /* AppName.swift */,
			);
			path = PickApp;
			sourceTree = "<group>";
		};
		2879D52B24838CE00047EEB0 /* PitchPerfect */ = {
			isa = PBXGroup;
			children = (
				2879D522248339160047EEB0 /* RecorderAudio */,
				2879D5232483392A0047EEB0 /* PlayerAudio */,
			);
			path = PitchPerfect;
			sourceTree = "<group>";
		};
		2879D52C24838CFB0047EEB0 /* ClickCounter */ = {
			isa = PBXGroup;
			children = (
				2879D52D24838D3A0047EEB0 /* ClickViewController.swift */,
			);
			path = ClickCounter;
			sourceTree = "<group>";
		};
/* End PBXGroup section */

/* Begin PBXNativeTarget section */
		285ED8FC245E6D5400A39C19 /* PitchPerfectUiKit */ = {
			isa = PBXNativeTarget;
			buildConfigurationList = 285ED911245E6D5500A39C19 /* Build configuration list for PBXNativeTarget "PitchPerfectUiKit" */;
			buildPhases = (
				285ED8F9245E6D5400A39C19 /* Sources */,
				285ED8FA245E6D5400A39C19 /* Frameworks */,
				285ED8FB245E6D5400A39C19 /* Resources */,
			);
			buildRules = (
			);
			dependencies = (
			);
			name = PitchPerfectUiKit;
			productName = PitchPerfectUiKit;
			productReference = 285ED8FD245E6D5400A39C19 /* PitchPerfectUiKit.app */;
			productType = "com.apple.product-type.application";
		};
/* End PBXNativeTarget section */

/* Begin PBXProject section */
		285ED8F5245E6D5400A39C19 /* Project object */ = {
			isa = PBXProject;
			attributes = {
				LastSwiftUpdateCheck = 1140;
				LastUpgradeCheck = 1140;
				ORGANIZATIONNAME = NesDupier;
				TargetAttributes = {
					285ED8FC245E6D5400A39C19 = {
						CreatedOnToolsVersion = 11.4.1;
					};
				};
			};
			buildConfigurationList = 285ED8F8245E6D5400A39C19 /* Build configuration list for PBXProject "PitchPerfectUiKit" */;
			compatibilityVersion = "Xcode 9.3";
			developmentRegion = en;
			hasScannedForEncodings = 0;
			knownRegions = (
				en,
				Base,
			);
			mainGroup = 285ED8F4245E6D5400A39C19;
			productRefGroup = 285ED8FE245E6D5400A39C19 /* Products */;
			projectDirPath = "";
			projectRoot = "";
			targets = (
				285ED8FC245E6D5400A39C19 /* PitchPerfectUiKit */,
			);
		};
/* End PBXProject section */

/* Begin PBXResourcesBuildPhase section */
		285ED8FB245E6D5400A39C19 /* Resources */ = {
			isa = PBXResourcesBuildPhase;
			buildActionMask = 2147483647;
			files = (
				285ED90D245E6D5500A39C19 /* LaunchScreen.storyboard in Resources */,
				285ED90A245E6D5500A39C19 /* Assets.xcassets in Resources */,
				285ED908245E6D5400A39C19 /* Main.storyboard in Resources */,
			);
			runOnlyForDeploymentPostprocessing = 0;
		};
/* End PBXResourcesBuildPhase section */

/* Begin PBXSourcesBuildPhase section */
		285ED8F9245E6D5400A39C19 /* Sources */ = {
			isa = PBXSourcesBuildPhase;
			buildActionMask = 2147483647;
			files = (
				288D6B9C24B2DE35000D3212 /* ModelGameRSP.swift in Sources */,
				2879D526248339CB0047EEB0 /* AppViewCell.swift in Sources */,
				285ED919246FD14800A39C19 /* PlaySoundsViewController+Audio.swift in Sources */,
				285ED905245E6D5400A39C19 /* RecordSoundViewController.swift in Sources */,
				284812632498518500636198 /* MemeEditTextDelegate.swift in Sources */,
				2848126124975BD200636198 /* MemeOneViewController.swift in Sources */,
				2848125C2495F06F00636198 /* ResultsRSPViewController.swift in Sources */,
				2879D52E24838D3A0047EEB0 /* ClickViewController.swift in Sources */,
				284812572494A04D00636198 /* ModalsViewController.swift in Sources */,
				2879D52824833C630047EEB0 /* AppName.swift in Sources */,
				28481265249876AA00636198 /* Meme.swift in Sources */,
				285ED901245E6D5400A39C19 /* AppDelegate.swift in Sources */,
				285ED917246E789000A39C19 /* PlaySoundViewController.swift in Sources */,
				2848125A24955FEA00636198 /* GameRSPViewController.swift in Sources */,
				2879D52A24834C570047EEB0 /* ListAppTableViewController.swift in Sources */,
				288D6B9E24B40137000D3212 /* HistoryViewController.swift in Sources */,
				284812542494777B00636198 /* ColorSwitchViewController.swift in Sources */,
				285ED903245E6D5400A39C19 /* SceneDelegate.swift in Sources */,
			);
			runOnlyForDeploymentPostprocessing = 0;
		};
/* End PBXSourcesBuildPhase section */

/* Begin PBXVariantGroup section */
		285ED906245E6D5400A39C19 /* Main.storyboard */ = {
			isa = PBXVariantGroup;
			children = (
				285ED907245E6D5400A39C19 /* Base */,
			);
			name = Main.storyboard;
			sourceTree = "<group>";
		};
		285ED90B245E6D5500A39C19 /* LaunchScreen.storyboard */ = {
			isa = PBXVariantGroup;
			children = (
				285ED90C245E6D5500A39C19 /* Base */,
			);
			name = LaunchScreen.storyboard;
			sourceTree = "<group>";
		};
/* End PBXVariantGroup section */

/* Begin XCBuildConfiguration section */
		285ED90F245E6D5500A39C19 /* Debug */ = {
			isa = XCBuildConfiguration;
			buildSettings = {
				ALWAYS_SEARCH_USER_PATHS = NO;
				CLANG_ANALYZER_NONNULL = YES;
				CLANG_ANALYZER_NUMBER_OBJECT_CONVERSION = YES_AGGRESSIVE;
				CLANG_CXX_LANGUAGE_STANDARD = "gnu++14";
				CLANG_CXX_LIBRARY = "libc++";
				CLANG_ENABLE_MODULES = YES;
				CLANG_ENABLE_OBJC_ARC = YES;
				CLANG_ENABLE_OBJC_WEAK = YES;
				CLANG_WARN_BLOCK_CAPTURE_AUTORELEASING = YES;
				CLANG_WARN_BOOL_CONVERSION = YES;
				CLANG_WARN_COMMA = YES;
				CLANG_WARN_CONSTANT_CONVERSION = YES;
				CLANG_WARN_DEPRECATED_OBJC_IMPLEMENTATIONS = YES;
				CLANG_WARN_DIRECT_OBJC_ISA_USAGE = YES_ERROR;
				CLANG_WARN_DOCUMENTATION_COMMENTS = YES;
				CLANG_WARN_EMPTY_BODY = YES;
				CLANG_WARN_ENUM_CONVERSION = YES;
				CLANG_WARN_INFINITE_RECURSION = YES;
				CLANG_WARN_INT_CONVERSION = YES;
				CLANG_WARN_NON_LITERAL_NULL_CONVERSION = YES;
				CLANG_WARN_OBJC_IMPLICIT_RETAIN_SELF = YES;
				CLANG_WARN_OBJC_LITERAL_CONVERSION = YES;
				CLANG_WARN_OBJC_ROOT_CLASS = YES_ERROR;
				CLANG_WARN_RANGE_LOOP_ANALYSIS = YES;
				CLANG_WARN_STRICT_PROTOTYPES = YES;
				CLANG_WARN_SUSPICIOUS_MOVE = YES;
				CLANG_WARN_UNGUARDED_AVAILABILITY = YES_AGGRESSIVE;
				CLANG_WARN_UNREACHABLE_CODE = YES;
				CLANG_WARN__DUPLICATE_METHOD_MATCH = YES;
				COPY_PHASE_STRIP = NO;
				DEBUG_INFORMATION_FORMAT = dwarf;
				ENABLE_STRICT_OBJC_MSGSEND = YES;
				ENABLE_TESTABILITY = YES;
				GCC_C_LANGUAGE_STANDARD = gnu11;
				GCC_DYNAMIC_NO_PIC = NO;
				GCC_NO_COMMON_BLOCKS = YES;
				GCC_OPTIMIZATION_LEVEL = 0;
				GCC_PREPROCESSOR_DEFINITIONS = (
					"DEBUG=1",
					"$(inherited)",
				);
				GCC_WARN_64_TO_32_BIT_CONVERSION = YES;
				GCC_WARN_ABOUT_RETURN_TYPE = YES_ERROR;
				GCC_WARN_UNDECLARED_SELECTOR = YES;
				GCC_WARN_UNINITIALIZED_AUTOS = YES_AGGRESSIVE;
				GCC_WARN_UNUSED_FUNCTION = YES;
				GCC_WARN_UNUSED_VARIABLE = YES;
				IPHONEOS_DEPLOYMENT_TARGET = 13.4;
				MTL_ENABLE_DEBUG_INFO = INCLUDE_SOURCE;
				MTL_FAST_MATH = YES;
				ONLY_ACTIVE_ARCH = YES;
				SDKROOT = iphoneos;
				SWIFT_ACTIVE_COMPILATION_CONDITIONS = DEBUG;
				SWIFT_OPTIMIZATION_LEVEL = "-Onone";
			};
			name = Debug;
		};
		285ED910245E6D5500A39C19 /* Release */ = {
			isa = XCBuildConfiguration;
			buildSettings = {
				ALWAYS_SEARCH_USER_PATHS = NO;
				CLANG_ANALYZER_NONNULL = YES;
				CLANG_ANALYZER_NUMBER_OBJECT_CONVERSION = YES_AGGRESSIVE;
				CLANG_CXX_LANGUAGE_STANDARD = "gnu++14";
				CLANG_CXX_LIBRARY = "libc++";
				CLANG_ENABLE_MODULES = YES;
				CLANG_ENABLE_OBJC_ARC = YES;
				CLANG_ENABLE_OBJC_WEAK = YES;
				CLANG_WARN_BLOCK_CAPTURE_AUTORELEASING = YES;
				CLANG_WARN_BOOL_CONVERSION = YES;
				CLANG_WARN_COMMA = YES;
				CLANG_WARN_CONSTANT_CONVERSION = YES;
				CLANG_WARN_DEPRECATED_OBJC_IMPLEMENTATIONS = YES;
				CLANG_WARN_DIRECT_OBJC_ISA_USAGE = YES_ERROR;
				CLANG_WARN_DOCUMENTATION_COMMENTS = YES;
				CLANG_WARN_EMPTY_BODY = YES;
				CLANG_WARN_ENUM_CONVERSION = YES;
				CLANG_WARN_INFINITE_RECURSION = YES;
				CLANG_WARN_INT_CONVERSION = YES;
				CLANG_WARN_NON_LITERAL_NULL_CONVERSION = YES;
				CLANG_WARN_OBJC_IMPLICIT_RETAIN_SELF = YES;
				CLANG_WARN_OBJC_LITERAL_CONVERSION = YES;
				CLANG_WARN_OBJC_ROOT_CLASS = YES_ERROR;
				CLANG_WARN_RANGE_LOOP_ANALYSIS = YES;
				CLANG_WARN_STRICT_PROTOTYPES = YES;
				CLANG_WARN_SUSPICIOUS_MOVE = YES;
				CLANG_WARN_UNGUARDED_AVAILABILITY = YES_AGGRESSIVE;
				CLANG_WARN_UNREACHABLE_CODE = YES;
				CLANG_WARN__DUPLICATE_METHOD_MATCH = YES;
				COPY_PHASE_STRIP = NO;
				DEBUG_INFORMATION_FORMAT = "dwarf-with-dsym";
				ENABLE_NS_ASSERTIONS = NO;
				ENABLE_STRICT_OBJC_MSGSEND = YES;
				GCC_C_LANGUAGE_STANDARD = gnu11;
				GCC_NO_COMMON_BLOCKS = YES;
				GCC_WARN_64_TO_32_BIT_CONVERSION = YES;
				GCC_WARN_ABOUT_RETURN_TYPE = YES_ERROR;
				GCC_WARN_UNDECLARED_SELECTOR = YES;
				GCC_WARN_UNINITIALIZED_AUTOS = YES_AGGRESSIVE;
				GCC_WARN_UNUSED_FUNCTION = YES;
				GCC_WARN_UNUSED_VARIABLE = YES;
				IPHONEOS_DEPLOYMENT_TARGET = 13.4;
				MTL_ENABLE_DEBUG_INFO = NO;
				MTL_FAST_MATH = YES;
				SDKROOT = iphoneos;
				SWIFT_COMPILATION_MODE = wholemodule;
				SWIFT_OPTIMIZATION_LEVEL = "-O";
				VALIDATE_PRODUCT = YES;
			};
			name = Release;
		};
		285ED912245E6D5500A39C19 /* Debug */ = {
			isa = XCBuildConfiguration;
			buildSettings = {
				ASSETCATALOG_COMPILER_APPICON_NAME = AppIcon;
				CODE_SIGN_IDENTITY = "Apple Development";
				CODE_SIGN_STYLE = Manual;
				DEVELOPMENT_TEAM = "";
				INFOPLIST_FILE = PitchPerfectUiKit/Info.plist;
				LD_RUNPATH_SEARCH_PATHS = (
					"$(inherited)",
					"@executable_path/Frameworks",
				);
				PRODUCT_BUNDLE_IDENTIFIER = com.nesdupier.old.PitchPerfectUiKit;
				PRODUCT_NAME = "$(TARGET_NAME)";
				PROVISIONING_PROFILE_SPECIFIER = "";
				SWIFT_VERSION = 5.0;
				TARGETED_DEVICE_FAMILY = "1,2";
			};
			name = Debug;
		};
		285ED913245E6D5500A39C19 /* Release */ = {
			isa = XCBuildConfiguration;
			buildSettings = {
				ASSETCATALOG_COMPILER_APPICON_NAME = AppIcon;
				CODE_SIGN_IDENTITY = "Apple Development";
				CODE_SIGN_STYLE = Manual;
				DEVELOPMENT_TEAM = "";
				INFOPLIST_FILE = PitchPerfectUiKit/Info.plist;
				LD_RUNPATH_SEARCH_PATHS = (
					"$(inherited)",
					"@executable_path/Frameworks",
				);
				PRODUCT_BUNDLE_IDENTIFIER = com.nesdupier.old.PitchPerfectUiKit;
				PRODUCT_NAME = "$(TARGET_NAME)";
				PROVISIONING_PROFILE_SPECIFIER = "";
				SWIFT_VERSION = 5.0;
				TARGETED_DEVICE_FAMILY = "1,2";
			};
			name = Release;
		};
/* End XCBuildConfiguration section */

/* Begin XCConfigurationList section */
		285ED8F8245E6D5400A39C19 /* Build configuration list for PBXProject "PitchPerfectUiKit" */ = {
			isa = XCConfigurationList;
			buildConfigurations = (
				285ED90F245E6D5500A39C19 /* Debug */,
				285ED910245E6D5500A39C19 /* Release */,
			);
			defaultConfigurationIsVisible = 0;
			defaultConfigurationName = Release;
		};
		285ED911245E6D5500A39C19 /* Build configuration list for PBXNativeTarget "PitchPerfectUiKit" */ = {
			isa = XCConfigurationList;
			buildConfigurations = (
				285ED912245E6D5500A39C19 /* Debug */,
				285ED913245E6D5500A39C19 /* Release */,
			);
			defaultConfigurationIsVisible = 0;
			defaultConfigurationName = Release;
		};
/* End XCConfigurationList section */
	};
	rootObject = 285ED8F5245E6D5400A39C19 /* Project object */;
}
